PODS:
  - JOSESwift (1.8.1)

DEPENDENCIES:
  - JOSESwift (from `https://github.com/airsidemobile/JOSESwift.git`, branch `master`)

EXTERNAL SOURCES:
  JOSESwift:
    :branch: master
    :git: https://github.com/airsidemobile/JOSESwift.git

CHECKOUT OPTIONS:
  JOSESwift:
    :commit: d65db2f76a47bb4bc2edd3c9d5498e5813efbbc9
    :git: https://github.com/airsidemobile/JOSESwift.git

SPEC CHECKSUMS:
  JOSESwift: c77a4409062829e90d42e6b7c2244b486fdc3f11

PODFILE CHECKSUM: 44f09a59b298bca6a569406e5ec7a0f8d83e597a

COCOAPODS: 1.7.5
